
Microsoft Visual Studio Solution File, Format Version 12.00
# Visual Studio Version 17
VisualStudioVersion = 17.7.34031.279
MinimumVisualStudioVersion = 10.0.40219.1
Project("{FAE04EC0-301F-11D3-BF4B-00C04F79EFBC}") = "Setul 3 problema 1", "Setul 3 problema 1\Setul 3 problema 1.csproj", "{8C364D28-AAD0-44BD-A24C-8D254B4B3E06}"
EndProject
Project("{FAE04EC0-301F-11D3-BF4B-00C04F79EFBC}") = "problema 2", "problema 2\problema 2.csproj", "{9FDAE742-E2D1-4504-93FC-31381BBEE5D7}"
EndProject
Project("{FAE04EC0-301F-11D3-BF4B-00C04F79EFBC}") = "problema 3", "problema 3\problema 3.csproj", "{60BE9D00-E2F4-4DB0-8F63-7C56DCE60391}"
EndProject
Project("{FAE04EC0-301F-11D3-BF4B-00C04F79EFBC}") = "problema 4", "problema 4\problema 4.csproj", "{E6C59145-CB82-49F7-A790-BF1665054966}"
EndProject
Project("{FAE04EC0-301F-11D3-BF4B-00C04F79EFBC}") = "problema 5", "problema 5\problema 5.csproj", "{1B66E3D2-8A5B-4C44-80BF-B3DA4A23CA2E}"
EndProject
Project("{FAE04EC0-301F-11D3-BF4B-00C04F79EFBC}") = "problema 6", "problema 6\problema 6.csproj", "{85BC1BB8-8BBE-46D1-AD76-D3A0D9CF5A3B}"
EndProject
Project("{FAE04EC0-301F-11D3-BF4B-00C04F79EFBC}") = "problema 7", "problema 7\problema 7.csproj", "{470F2A6D-CB68-4203-96B3-700D4DB047C9}"
EndProject
Project("{FAE04EC0-301F-11D3-BF4B-00C04F79EFBC}") = "problema 8", "problema 8\problema 8.csproj", "{17ACDCE4-1D00-43C6-8F0F-07BF842ED78C}"
EndProject
Project("{FAE04EC0-301F-11D3-BF4B-00C04F79EFBC}") = "problema 9", "problema 9\problema 9.csproj", "{65B65DCC-378C-455A-9BD1-9E1E3384DE80}"
EndProject
Project("{FAE04EC0-301F-11D3-BF4B-00C04F79EFBC}") = "problema 10", "problema 10\problema 10.csproj", "{C8E914DA-22EA-4D2C-9EAA-2DF85D98CFD4}"
EndProject
Project("{FAE04EC0-301F-11D3-BF4B-00C04F79EFBC}") = "problema 11", "problema 11\problema 11.csproj", "{5DF01D8C-DD79-41A3-9CEA-D1E9CDF7E4ED}"
EndProject
Project("{FAE04EC0-301F-11D3-BF4B-00C04F79EFBC}") = "problema 12", "problema 12\problema 12.csproj", "{DE34CFEE-B071-48D8-A3F4-2317B227D756}"
EndProject
Project("{FAE04EC0-301F-11D3-BF4B-00C04F79EFBC}") = "problema 13", "problema 13\problema 13.csproj", "{CC6BA11F-7765-4F38-9A9A-B940474F4918}"
EndProject
Project("{FAE04EC0-301F-11D3-BF4B-00C04F79EFBC}") = "problema 14", "problema 14\problema 14.csproj", "{BCC20163-4490-453F-B620-C9CC23983B48}"
EndProject
Project("{FAE04EC0-301F-11D3-BF4B-00C04F79EFBC}") = "problema 15", "problema 15\problema 15.csproj", "{95F426CB-5C9C-42F2-B8EF-AD2354D55979}"
EndProject
Project("{FAE04EC0-301F-11D3-BF4B-00C04F79EFBC}") = "problema 16", "problema 16\problema 16.csproj", "{F85A9759-1855-43FB-B932-E2EFFF88EF8C}"
EndProject
Global
	GlobalSection(SolutionConfigurationPlatforms) = preSolution
		Debug|Any CPU = Debug|Any CPU
		Release|Any CPU = Release|Any CPU
	EndGlobalSection
	GlobalSection(ProjectConfigurationPlatforms) = postSolution
		{8C364D28-AAD0-44BD-A24C-8D254B4B3E06}.Debug|Any CPU.ActiveCfg = Debug|Any CPU
		{8C364D28-AAD0-44BD-A24C-8D254B4B3E06}.Debug|Any CPU.Build.0 = Debug|Any CPU
		{8C364D28-AAD0-44BD-A24C-8D254B4B3E06}.Release|Any CPU.ActiveCfg = Release|Any CPU
		{8C364D28-AAD0-44BD-A24C-8D254B4B3E06}.Release|Any CPU.Build.0 = Release|Any CPU
		{9FDAE742-E2D1-4504-93FC-31381BBEE5D7}.Debug|Any CPU.ActiveCfg = Debug|Any CPU
		{9FDAE742-E2D1-4504-93FC-31381BBEE5D7}.Debug|Any CPU.Build.0 = Debug|Any CPU
		{9FDAE742-E2D1-4504-93FC-31381BBEE5D7}.Release|Any CPU.ActiveCfg = Release|Any CPU
		{9FDAE742-E2D1-4504-93FC-31381BBEE5D7}.Release|Any CPU.Build.0 = Release|Any CPU
		{60BE9D00-E2F4-4DB0-8F63-7C56DCE60391}.Debug|Any CPU.ActiveCfg = Debug|Any CPU
		{60BE9D00-E2F4-4DB0-8F63-7C56DCE60391}.Debug|Any CPU.Build.0 = Debug|Any CPU
		{60BE9D00-E2F4-4DB0-8F63-7C56DCE60391}.Release|Any CPU.ActiveCfg = Release|Any CPU
		{60BE9D00-E2F4-4DB0-8F63-7C56DCE60391}.Release|Any CPU.Build.0 = Release|Any CPU
		{E6C59145-CB82-49F7-A790-BF1665054966}.Debug|Any CPU.ActiveCfg = Debug|Any CPU
		{E6C59145-CB82-49F7-A790-BF1665054966}.Debug|Any CPU.Build.0 = Debug|Any CPU
		{E6C59145-CB82-49F7-A790-BF1665054966}.Release|Any CPU.ActiveCfg = Release|Any CPU
		{E6C59145-CB82-49F7-A790-BF1665054966}.Release|Any CPU.Build.0 = Release|Any CPU
		{1B66E3D2-8A5B-4C44-80BF-B3DA4A23CA2E}.Debug|Any CPU.ActiveCfg = Debug|Any CPU
		{1B66E3D2-8A5B-4C44-80BF-B3DA4A23CA2E}.Debug|Any CPU.Build.0 = Debug|Any CPU
		{1B66E3D2-8A5B-4C44-80BF-B3DA4A23CA2E}.Release|Any CPU.ActiveCfg = Release|Any CPU
		{1B66E3D2-8A5B-4C44-80BF-B3DA4A23CA2E}.Release|Any CPU.Build.0 = Release|Any CPU
		{85BC1BB8-8BBE-46D1-AD76-D3A0D9CF5A3B}.Debug|Any CPU.ActiveCfg = Debug|Any CPU
		{85BC1BB8-8BBE-46D1-AD76-D3A0D9CF5A3B}.Debug|Any CPU.Build.0 = Debug|Any CPU
		{85BC1BB8-8BBE-46D1-AD76-D3A0D9CF5A3B}.Release|Any CPU.ActiveCfg = Release|Any CPU
		{85BC1BB8-8BBE-46D1-AD76-D3A0D9CF5A3B}.Release|Any CPU.Build.0 = Release|Any CPU
		{470F2A6D-CB68-4203-96B3-700D4DB047C9}.Debug|Any CPU.ActiveCfg = Debug|Any CPU
		{470F2A6D-CB68-4203-96B3-700D4DB047C9}.Debug|Any CPU.Build.0 = Debug|Any CPU
		{470F2A6D-CB68-4203-96B3-700D4DB047C9}.Release|Any CPU.ActiveCfg = Release|Any CPU
		{470F2A6D-CB68-4203-96B3-700D4DB047C9}.Release|Any CPU.Build.0 = Release|Any CPU
		{17ACDCE4-1D00-43C6-8F0F-07BF842ED78C}.Debug|Any CPU.ActiveCfg = Debug|Any CPU
		{17ACDCE4-1D00-43C6-8F0F-07BF842ED78C}.Debug|Any CPU.Build.0 = Debug|Any CPU
		{17ACDCE4-1D00-43C6-8F0F-07BF842ED78C}.Release|Any CPU.ActiveCfg = Release|Any CPU
		{17ACDCE4-1D00-43C6-8F0F-07BF842ED78C}.Release|Any CPU.Build.0 = Release|Any CPU
		{65B65DCC-378C-455A-9BD1-9E1E3384DE80}.Debug|Any CPU.ActiveCfg = Debug|Any CPU
		{65B65DCC-378C-455A-9BD1-9E1E3384DE80}.Debug|Any CPU.Build.0 = Debug|Any CPU
		{65B65DCC-378C-455A-9BD1-9E1E3384DE80}.Release|Any CPU.ActiveCfg = Release|Any CPU
		{65B65DCC-378C-455A-9BD1-9E1E3384DE80}.Release|Any CPU.Build.0 = Release|Any CPU
		{C8E914DA-22EA-4D2C-9EAA-2DF85D98CFD4}.Debug|Any CPU.ActiveCfg = Debug|Any CPU
		{C8E914DA-22EA-4D2C-9EAA-2DF85D98CFD4}.Debug|Any CPU.Build.0 = Debug|Any CPU
		{C8E914DA-22EA-4D2C-9EAA-2DF85D98CFD4}.Release|Any CPU.ActiveCfg = Release|Any CPU
		{C8E914DA-22EA-4D2C-9EAA-2DF85D98CFD4}.Release|Any CPU.Build.0 = Release|Any CPU
		{5DF01D8C-DD79-41A3-9CEA-D1E9CDF7E4ED}.Debug|Any CPU.ActiveCfg = Debug|Any CPU
		{5DF01D8C-DD79-41A3-9CEA-D1E9CDF7E4ED}.Debug|Any CPU.Build.0 = Debug|Any CPU
		{5DF01D8C-DD79-41A3-9CEA-D1E9CDF7E4ED}.Release|Any CPU.ActiveCfg = Release|Any CPU
		{5DF01D8C-DD79-41A3-9CEA-D1E9CDF7E4ED}.Release|Any CPU.Build.0 = Release|Any CPU
		{DE34CFEE-B071-48D8-A3F4-2317B227D756}.Debug|Any CPU.ActiveCfg = Debug|Any CPU
		{DE34CFEE-B071-48D8-A3F4-2317B227D756}.Debug|Any CPU.Build.0 = Debug|Any CPU
		{DE34CFEE-B071-48D8-A3F4-2317B227D756}.Release|Any CPU.ActiveCfg = Release|Any CPU
		{DE34CFEE-B071-48D8-A3F4-2317B227D756}.Release|Any CPU.Build.0 = Release|Any CPU
		{CC6BA11F-7765-4F38-9A9A-B940474F4918}.Debug|Any CPU.ActiveCfg = Debug|Any CPU
		{CC6BA11F-7765-4F38-9A9A-B940474F4918}.Debug|Any CPU.Build.0 = Debug|Any CPU
		{CC6BA11F-7765-4F38-9A9A-B940474F4918}.Release|Any CPU.ActiveCfg = Release|Any CPU
		{CC6BA11F-7765-4F38-9A9A-B940474F4918}.Release|Any CPU.Build.0 = Release|Any CPU
		{BCC20163-4490-453F-B620-C9CC23983B48}.Debug|Any CPU.ActiveCfg = Debug|Any CPU
		{BCC20163-4490-453F-B620-C9CC23983B48}.Debug|Any CPU.Build.0 = Debug|Any CPU
		{BCC20163-4490-453F-B620-C9CC23983B48}.Release|Any CPU.ActiveCfg = Release|Any CPU
		{BCC20163-4490-453F-B620-C9CC23983B48}.Release|Any CPU.Build.0 = Release|Any CPU
		{95F426CB-5C9C-42F2-B8EF-AD2354D55979}.Debug|Any CPU.ActiveCfg = Debug|Any CPU
		{95F426CB-5C9C-42F2-B8EF-AD2354D55979}.Debug|Any CPU.Build.0 = Debug|Any CPU
		{95F426CB-5C9C-42F2-B8EF-AD2354D55979}.Release|Any CPU.ActiveCfg = Release|Any CPU
		{95F426CB-5C9C-42F2-B8EF-AD2354D55979}.Release|Any CPU.Build.0 = Release|Any CPU
		{F85A9759-1855-43FB-B932-E2EFFF88EF8C}.Debug|Any CPU.ActiveCfg = Debug|Any CPU
		{F85A9759-1855-43FB-B932-E2EFFF88EF8C}.Debug|Any CPU.Build.0 = Debug|Any CPU
		{F85A9759-1855-43FB-B932-E2EFFF88EF8C}.Release|Any CPU.ActiveCfg = Release|Any CPU
		{F85A9759-1855-43FB-B932-E2EFFF88EF8C}.Release|Any CPU.Build.0 = Release|Any CPU
	EndGlobalSection
	GlobalSection(SolutionProperties) = preSolution
		HideSolutionNode = FALSE
	EndGlobalSection
	GlobalSection(ExtensibilityGlobals) = postSolution
		SolutionGuid = {544CA796-8F7B-4500-B126-7DAB29C51677}
	EndGlobalSection
EndGlobal
